
Microsoft Visual Studio Solution File, Format Version 12.00
# Visual Studio Version 17
VisualStudioVersion = 17.4.33103.184
MinimumVisualStudioVersion = 10.0.40219.1
Project("{9A19103F-16F7-4668-BE54-9A1E7A4F7556}") = "4I4U-LiteTrak", "4I4U-LiteTrak.csproj", "{EBD5B2F5-D87F-4D59-B1C2-57A8C8B674C1}"
EndProject
Global
	GlobalSection(SolutionConfigurationPlatforms) = preSolution
		Debug|Any CPU = Debug|Any CPU
		Release|Any CPU = Release|Any CPU
	EndGlobalSection
	GlobalSection(ProjectConfigurationPlatforms) = postSolution
		{EBD5B2F5-D87F-4D59-B1C2-57A8C8B674C1}.Debug|Any CPU.ActiveCfg = Debug|Any CPU
		{EBD5B2F5-D87F-4D59-B1C2-57A8C8B674C1}.Debug|Any CPU.Build.0 = Debug|Any CPU
		{EBD5B2F5-D87F-4D59-B1C2-57A8C8B674C1}.Release|Any CPU.ActiveCfg = Release|Any CPU
		{EBD5B2F5-D87F-4D59-B1C2-57A8C8B674C1}.Release|Any CPU.Build.0 = Release|Any CPU
	EndGlobalSection
	GlobalSection(SolutionProperties) = preSolution
		HideSolutionNode = FALSE
	EndGlobalSection
	GlobalSection(ExtensibilityGlobals) = postSolution
		SolutionGuid = {20FBFA72-0483-406F-B136-2D5A5CB9A424}
	EndGlobalSection
EndGlobal
